
Microsoft Visual Studio Solution File, Format Version 12.00
# Visual Studio Version 16
VisualStudioVersion = 16.0.30907.101
MinimumVisualStudioVersion = 10.0.40219.1
Project("{FAE04EC0-301F-11D3-BF4B-00C04F79EFBC}") = "AreaLibrary", "AreaLibrary.csproj", "{DEFFC2C2-4D2F-4349-863E-83BEB958BCAD}"
EndProject
Project("{FAE04EC0-301F-11D3-BF4B-00C04F79EFBC}") = "ShapesUnitTests", "..\ShapesUnitTests\ShapesUnitTests.csproj", "{7E5499DD-D877-48D5-95F8-F7EEA81D92D7}"
EndProject
Global
	GlobalSection(SolutionConfigurationPlatforms) = preSolution
		Debug|Any CPU = Debug|Any CPU
		Release|Any CPU = Release|Any CPU
	EndGlobalSection
	GlobalSection(ProjectConfigurationPlatforms) = postSolution
		{DEFFC2C2-4D2F-4349-863E-83BEB958BCAD}.Debug|Any CPU.ActiveCfg = Debug|Any CPU
		{DEFFC2C2-4D2F-4349-863E-83BEB958BCAD}.Debug|Any CPU.Build.0 = Debug|Any CPU
		{DEFFC2C2-4D2F-4349-863E-83BEB958BCAD}.Release|Any CPU.ActiveCfg = Release|Any CPU
		{DEFFC2C2-4D2F-4349-863E-83BEB958BCAD}.Release|Any CPU.Build.0 = Release|Any CPU
		{7E5499DD-D877-48D5-95F8-F7EEA81D92D7}.Debug|Any CPU.ActiveCfg = Debug|Any CPU
		{7E5499DD-D877-48D5-95F8-F7EEA81D92D7}.Debug|Any CPU.Build.0 = Debug|Any CPU
		{7E5499DD-D877-48D5-95F8-F7EEA81D92D7}.Release|Any CPU.ActiveCfg = Release|Any CPU
		{7E5499DD-D877-48D5-95F8-F7EEA81D92D7}.Release|Any CPU.Build.0 = Release|Any CPU
	EndGlobalSection
	GlobalSection(SolutionProperties) = preSolution
		HideSolutionNode = FALSE
	EndGlobalSection
	GlobalSection(ExtensibilityGlobals) = postSolution
		SolutionGuid = {A68B1F29-EFB1-4BE1-A160-285E3E89E487}
	EndGlobalSection
EndGlobal
